
Microsoft Visual Studio Solution File, Format Version 12.00
# Visual Studio Version 17
VisualStudioVersion = 17.4.33205.214
MinimumVisualStudioVersion = 10.0.40219.1
Project("{FAE04EC0-301F-11D3-BF4B-00C04F79EFBC}") = "Day 10", "Day 10\Day 10.csproj", "{0B6A8E81-16F7-4369-BC2B-A36D82FF7F7D}"
EndProject
Global
	GlobalSection(SolutionConfigurationPlatforms) = preSolution
		Debug|Any CPU = Debug|Any CPU
		Release|Any CPU = Release|Any CPU
	EndGlobalSection
	GlobalSection(ProjectConfigurationPlatforms) = postSolution
		{0B6A8E81-16F7-4369-BC2B-A36D82FF7F7D}.Debug|Any CPU.ActiveCfg = Debug|Any CPU
		{0B6A8E81-16F7-4369-BC2B-A36D82FF7F7D}.Debug|Any CPU.Build.0 = Debug|Any CPU
		{0B6A8E81-16F7-4369-BC2B-A36D82FF7F7D}.Release|Any CPU.ActiveCfg = Release|Any CPU
		{0B6A8E81-16F7-4369-BC2B-A36D82FF7F7D}.Release|Any CPU.Build.0 = Release|Any CPU
	EndGlobalSection
	GlobalSection(SolutionProperties) = preSolution
		HideSolutionNode = FALSE
	EndGlobalSection
	GlobalSection(ExtensibilityGlobals) = postSolution
		SolutionGuid = {0F9A3033-0989-4EC5-8236-6B29810BC36D}
	EndGlobalSection
EndGlobal
